// !$*UTF8*$!
{
	archiveVersion = 1;
	classes = {
	};
	objectVersion = 46;
	objects = {

/* Begin PBXBuildFile section */
		8B3BA415200A3F80CEE1069C /* libPods-FMDBManager.a in Frameworks */ = {isa = PBXBuildFile; fileRef = FB96F1E696D85D9D33F50060 /* libPods-FMDBManager.a */; };
		968F75301E3443DC00EA5B1E /* SQLiteManager.m in Sources */ = {isa = PBXBuildFile; fileRef = 968F752F1E3443DC00EA5B1E /* SQLiteManager.m */; };
		968F75331E3443F700EA5B1E /* FMDBManager.m in Sources */ = {isa = PBXBuildFile; fileRef = 968F75321E3443F700EA5B1E /* FMDBManager.m */; };
		968FD8E81E304FD4003A63E6 /* main.m in Sources */ = {isa = PBXBuildFile; fileRef = 968FD8E71E304FD4003A63E6 /* main.m */; };
		968FD8EB1E304FD4003A63E6 /* AppDelegate.m in Sources */ = {isa = PBXBuildFile; fileRef = 968FD8EA1E304FD4003A63E6 /* AppDelegate.m */; };
		968FD8EE1E304FD4003A63E6 /* ViewController.m in Sources */ = {isa = PBXBuildFile; fileRef = 968FD8ED1E304FD4003A63E6 /* ViewController.m */; };
		968FD8F11E304FD4003A63E6 /* Main.storyboard in Resources */ = {isa = PBXBuildFile; fileRef = 968FD8EF1E304FD4003A63E6 /* Main.storyboard */; };
		968FD8F31E304FD4003A63E6 /* Assets.xcassets in Resources */ = {isa = PBXBuildFile; fileRef = 968FD8F21E304FD4003A63E6 /* Assets.xcassets */; };
		968FD8F61E304FD4003A63E6 /* LaunchScreen.storyboard in Resources */ = {isa = PBXBuildFile; fileRef = 968FD8F41E304FD4003A63E6 /* LaunchScreen.storyboard */; };
		96FBD2A21E3600C300295DD8 /* libsqlite3.0.tbd in Frameworks */ = {isa = PBXBuildFile; fileRef = 96FBD2A11E3600C300295DD8 /* libsqlite3.0.tbd */; };
/* End PBXBuildFile section */

/* Begin PBXFileReference section */
		18687907CD7E3D1145372CDE /* Pods-FMDBManager.release.xcconfig */ = {isa = PBXFileReference; includeInIndex = 1; lastKnownFileType = text.xcconfig; name = "Pods-FMDBManager.release.xcconfig"; path = "Pods/Target Support Files/Pods-FMDBManager/Pods-FMDBManager.release.xcconfig"; sourceTree = "<group>"; };
		968F752E1E3443DC00EA5B1E /* SQLiteManager.h */ = {isa = PBXFileReference; fileEncoding = 4; lastKnownFileType = sourcecode.c.h; path = SQLiteManager.h; sourceTree = "<group>"; };
		968F752F1E3443DC00EA5B1E /* SQLiteManager.m */ = {isa = PBXFileReference; fileEncoding = 4; lastKnownFileType = sourcecode.c.objc; path = SQLiteManager.m; sourceTree = "<group>"; };
		968F75311E3443F700EA5B1E /* FMDBManager.h */ = {isa = PBXFileReference; fileEncoding = 4; lastKnownFileType = sourcecode.c.h; path = FMDBManager.h; sourceTree = "<group>"; };
		968F75321E3443F700EA5B1E /* FMDBManager.m */ = {isa = PBXFileReference; fileEncoding = 4; lastKnownFileType = sourcecode.c.objc; path = FMDBManager.m; sourceTree = "<group>"; };
		968FD8E31E304FD4003A63E6 /* FMDBManager.app */ = {isa = PBXFileReference; explicitFileType = wrapper.application; includeInIndex = 0; path = FMDBManager.app; sourceTree = BUILT_PRODUCTS_DIR; };
		968FD8E71E304FD4003A63E6 /* main.m */ = {isa = PBXFileReference; lastKnownFileType = sourcecode.c.objc; path = main.m; sourceTree = "<group>"; };
		968FD8E91E304FD4003A63E6 /* AppDelegate.h */ = {isa = PBXFileReference; lastKnownFileType = sourcecode.c.h; path = AppDelegate.h; sourceTree = "<group>"; };
		968FD8EA1E304FD4003A63E6 /* AppDelegate.m */ = {isa = PBXFileReference; lastKnownFileType = sourcecode.c.objc; path = AppDelegate.m; sourceTree = "<group>"; };
		968FD8EC1E304FD4003A63E6 /* ViewController.h */ = {isa = PBXFileReference; lastKnownFileType = sourcecode.c.h; path = ViewController.h; sourceTree = "<group>"; };
		968FD8ED1E304FD4003A63E6 /* ViewController.m */ = {isa = PBXFileReference; lastKnownFileType = sourcecode.c.objc; path = ViewController.m; sourceTree = "<group>"; };
		968FD8F01E304FD4003A63E6 /* Base */ = {isa = PBXFileReference; lastKnownFileType = file.storyboard; name = Base; path = Base.lproj/Main.storyboard; sourceTree = "<group>"; };
		968FD8F21E304FD4003A63E6 /* Assets.xcassets */ = {isa = PBXFileReference; lastKnownFileType = folder.assetcatalog; path = Assets.xcassets; sourceTree = "<group>"; };
		968FD8F51E304FD4003A63E6 /* Base */ = {isa = PBXFileReference; lastKnownFileType = file.storyboard; name = Base; path = Base.lproj/LaunchScreen.storyboard; sourceTree = "<group>"; };
		968FD8F71E304FD4003A63E6 /* Info.plist */ = {isa = PBXFileReference; lastKnownFileType = text.plist.xml; path = Info.plist; sourceTree = "<group>"; };
		96FBD2A11E3600C300295DD8 /* libsqlite3.0.tbd */ = {isa = PBXFileReference; lastKnownFileType = "sourcecode.text-based-dylib-definition"; name = libsqlite3.0.tbd; path = usr/lib/libsqlite3.0.tbd; sourceTree = SDKROOT; };
		C530410C4216DB9BE789A037 /* Pods-FMDBManager.debug.xcconfig */ = {isa = PBXFileReference; includeInIndex = 1; lastKnownFileType = text.xcconfig; name = "Pods-FMDBManager.debug.xcconfig"; path = "Pods/Target Support Files/Pods-FMDBManager/Pods-FMDBManager.debug.xcconfig"; sourceTree = "<group>"; };
		FB96F1E696D85D9D33F50060 /* libPods-FMDBManager.a */ = {isa = PBXFileReference; explicitFileType = archive.ar; includeInIndex = 0; path = "libPods-FMDBManager.a"; sourceTree = BUILT_PRODUCTS_DIR; };
/* End PBXFileReference section */

/* Begin PBXFrameworksBuildPhase section */
		968FD8E01E304FD4003A63E6 /* Frameworks */ = {
			isa = PBXFrameworksBuildPhase;
			buildActionMask = 2147483647;
			files = (
				96FBD2A21E3600C300295DD8 /* libsqlite3.0.tbd in Frameworks */,
				8B3BA415200A3F80CEE1069C /* libPods-FMDBManager.a in Frameworks */,
			);
			runOnlyForDeploymentPostprocessing = 0;
		};
/* End PBXFrameworksBuildPhase section */

/* Begin PBXGroup section */
		91CA056A596A006334BDE719 /* Frameworks */ = {
			isa = PBXGroup;
			children = (
				96FBD2A11E3600C300295DD8 /* libsqlite3.0.tbd */,
				FB96F1E696D85D9D33F50060 /* libPods-FMDBManager.a */,
			);
			name = Frameworks;
			sourceTree = "<group>";
		};
		968F75291E3443A300EA5B1E /* FMDBManager */ = {
			isa = PBXGroup;
			children = (
				968F75311E3443F700EA5B1E /* FMDBManager.h */,
				968F75321E3443F700EA5B1E /* FMDBManager.m */,
			);
			path = FMDBManager;
			sourceTree = "<group>";
		};
		968F752D1E3443BE00EA5B1E /* SQLiteManager */ = {
			isa = PBXGroup;
			children = (
				968F752E1E3443DC00EA5B1E /* SQLiteManager.h */,
				968F752F1E3443DC00EA5B1E /* SQLiteManager.m */,
			);
			path = SQLiteManager;
			sourceTree = "<group>";
		};
		968FD8DA1E304FD4003A63E6 = {
			isa = PBXGroup;
			children = (
				968FD8E51E304FD4003A63E6 /* FMDBManager */,
				968FD8E41E304FD4003A63E6 /* Products */,
				C9BA6FDC29D6F9535754CA1B /* Pods */,
				91CA056A596A006334BDE719 /* Frameworks */,
			);
			sourceTree = "<group>";
		};
		968FD8E41E304FD4003A63E6 /* Products */ = {
			isa = PBXGroup;
			children = (
				968FD8E31E304FD4003A63E6 /* FMDBManager.app */,
			);
			name = Products;
			sourceTree = "<group>";
		};
		968FD8E51E304FD4003A63E6 /* FMDBManager */ = {
			isa = PBXGroup;
			children = (
				968F752D1E3443BE00EA5B1E /* SQLiteManager */,
				968F75291E3443A300EA5B1E /* FMDBManager */,
				968FD8E91E304FD4003A63E6 /* AppDelegate.h */,
				968FD8EA1E304FD4003A63E6 /* AppDelegate.m */,
				968FD8EC1E304FD4003A63E6 /* ViewController.h */,
				968FD8ED1E304FD4003A63E6 /* ViewController.m */,
				968FD8EF1E304FD4003A63E6 /* Main.storyboard */,
				968FD8F21E304FD4003A63E6 /* Assets.xcassets */,
				968FD8F41E304FD4003A63E6 /* LaunchScreen.storyboard */,
				968FD8F71E304FD4003A63E6 /* Info.plist */,
				968FD8E61E304FD4003A63E6 /* Supporting Files */,
			);
			path = FMDBManager;
			sourceTree = "<group>";
		};
		968FD8E61E304FD4003A63E6 /* Supporting Files */ = {
			isa = PBXGroup;
			children = (
				968FD8E71E304FD4003A63E6 /* main.m */,
			);
			name = "Supporting Files";
			sourceTree = "<group>";
		};
		C9BA6FDC29D6F9535754CA1B /* Pods */ = {
			isa = PBXGroup;
			children = (
				C530410C4216DB9BE789A037 /* Pods-FMDBManager.debug.xcconfig */,
				18687907CD7E3D1145372CDE /* Pods-FMDBManager.release.xcconfig */,
			);
			name = Pods;
			sourceTree = "<group>";
		};
/* End PBXGroup section */

/* Begin PBXNativeTarget section */
		968FD8E21E304FD4003A63E6 /* FMDBManager */ = {
			isa = PBXNativeTarget;
			buildConfigurationList = 968FD8FA1E304FD4003A63E6 /* Build configuration list for PBXNativeTarget "FMDBManager" */;
			buildPhases = (
				A5F1195257EC03C70F0E7A46 /* [CP] Check Pods Manifest.lock */,
				968FD8DF1E304FD4003A63E6 /* Sources */,
				968FD8E01E304FD4003A63E6 /* Frameworks */,
				968FD8E11E304FD4003A63E6 /* Resources */,
				C95EECB9FF99C278720E11E5 /* [CP] Embed Pods Frameworks */,
				BEACCFE1989598287C3AC035 /* [CP] Copy Pods Resources */,
			);
			buildRules = (
			);
			dependencies = (
			);
			name = FMDBManager;
			productName = FMDBManager;
			productReference = 968FD8E31E304FD4003A63E6 /* FMDBManager.app */;
			productType = "com.apple.product-type.application";
		};
/* End PBXNativeTarget section */

/* Begin PBXProject section */
		968FD8DB1E304FD4003A63E6 /* Project object */ = {
			isa = PBXProject;
			attributes = {
				LastUpgradeCheck = 0730;
				ORGANIZATIONNAME = Jason;
				TargetAttributes = {
					968FD8E21E304FD4003A63E6 = {
						CreatedOnToolsVersion = 7.3.1;
					};
				};
			};
			buildConfigurationList = 968FD8DE1E304FD4003A63E6 /* Build configuration list for PBXProject "FMDBManager" */;
			compatibilityVersion = "Xcode 3.2";
			developmentRegion = English;
			hasScannedForEncodings = 0;
			knownRegions = (
				en,
				Base,
			);
			mainGroup = 968FD8DA1E304FD4003A63E6;
			productRefGroup = 968FD8E41E304FD4003A63E6 /* Products */;
			projectDirPath = "";
			projectRoot = "";
			targets = (
				968FD8E21E304FD4003A63E6 /* FMDBManager */,
			);
		};
/* End PBXProject section */

/* Begin PBXResourcesBuildPhase section */
		968FD8E11E304FD4003A63E6 /* Resources */ = {
			isa = PBXResourcesBuildPhase;
			buildActionMask = 2147483647;
			files = (
				968FD8F61E304FD4003A63E6 /* LaunchScreen.storyboard in Resources */,
				968FD8F31E304FD4003A63E6 /* Assets.xcassets in Resources */,
				968FD8F11E304FD4003A63E6 /* Main.storyboard in Resources */,
			);
			runOnlyForDeploymentPostprocessing = 0;
		};
/* End PBXResourcesBuildPhase section */

/* Begin PBXShellScriptBuildPhase section */
		A5F1195257EC03C70F0E7A46 /* [CP] Check Pods Manifest.lock */ = {
			isa = PBXShellScriptBuildPhase;
			buildActionMask = 2147483647;
			files = (
			);
			inputPaths = (
			);
			name = "[CP] Check Pods Manifest.lock";
			outputPaths = (
			);
			runOnlyForDeploymentPostprocessing = 0;
			shellPath = /bin/sh;
			shellScript = "diff \"${PODS_ROOT}/../Podfile.lock\" \"${PODS_ROOT}/Manifest.lock\" > /dev/null\nif [[ $? != 0 ]] ; then\n    cat << EOM\nerror: The sandbox is not in sync with the Podfile.lock. Run 'pod install' or update your CocoaPods installation.\nEOM\n    exit 1\nfi\n";
			showEnvVarsInLog = 0;
		};
		BEACCFE1989598287C3AC035 /* [CP] Copy Pods Resources */ = {
			isa = PBXShellScriptBuildPhase;
			buildActionMask = 2147483647;
			files = (
			);
			inputPaths = (
			);
			name = "[CP] Copy Pods Resources";
			outputPaths = (
			);
			runOnlyForDeploymentPostprocessing = 0;
			shellPath = /bin/sh;
			shellScript = "\"${SRCROOT}/Pods/Target Support Files/Pods-FMDBManager/Pods-FMDBManager-resources.sh\"\n";
			showEnvVarsInLog = 0;
		};
		C95EECB9FF99C278720E11E5 /* [CP] Embed Pods Frameworks */ = {
			isa = PBXShellScriptBuildPhase;
			buildActionMask = 2147483647;
			files = (
			);
			inputPaths = (
			);
			name = "[CP] Embed Pods Frameworks";
			outputPaths = (
			);
			runOnlyForDeploymentPostprocessing = 0;
			shellPath = /bin/sh;
			shellScript = "\"${SRCROOT}/Pods/Target Support Files/Pods-FMDBManager/Pods-FMDBManager-frameworks.sh\"\n";
			showEnvVarsInLog = 0;
		};
/* End PBXShellScriptBuildPhase section */

/* Begin PBXSourcesBuildPhase section */
		968FD8DF1E304FD4003A63E6 /* Sources */ = {
			isa = PBXSourcesBuildPhase;
			buildActionMask = 2147483647;
			files = (
				968F75301E3443DC00EA5B1E /* SQLiteManager.m in Sources */,
				968FD8EE1E304FD4003A63E6 /* ViewController.m in Sources */,
				968F75331E3443F700EA5B1E /* FMDBManager.m in Sources */,
				968FD8EB1E304FD4003A63E6 /* AppDelegate.m in Sources */,
				968FD8E81E304FD4003A63E6 /* main.m in Sources */,
			);
			runOnlyForDeploymentPostprocessing = 0;
		};
/* End PBXSourcesBuildPhase section */

/* Begin PBXVariantGroup section */
		968FD8EF1E304FD4003A63E6 /* Main.storyboard */ = {
			isa = PBXVariantGroup;
			children = (
				968FD8F01E304FD4003A63E6 /* Base */,
			);
			name = Main.storyboard;
			sourceTree = "<group>";
		};
		968FD8F41E304FD4003A63E6 /* LaunchScreen.storyboard */ = {
			isa = PBXVariantGroup;
			children = (
				968FD8F51E304FD4003A63E6 /* Base */,
			);
			name = LaunchScreen.storyboard;
			sourceTree = "<group>";
		};
/* End PBXVariantGroup section */

/* Begin XCBuildConfiguration section */
		968FD8F81E304FD4003A63E6 /* Debug */ = {
			isa = XCBuildConfiguration;
			buildSettings = {
				ALWAYS_SEARCH_USER_PATHS = NO;
				CLANG_ANALYZER_NONNULL = YES;
				CLANG_CXX_LANGUAGE_STANDARD = "gnu++0x";
				CLANG_CXX_LIBRARY = "libc++";
				CLANG_ENABLE_MODULES = YES;
				CLANG_ENABLE_OBJC_ARC = YES;
				CLANG_WARN_BOOL_CONVERSION = YES;
				CLANG_WARN_CONSTANT_CONVERSION = YES;
				CLANG_WARN_DIRECT_OBJC_ISA_USAGE = YES_ERROR;
				CLANG_WARN_EMPTY_BODY = YES;
				CLANG_WARN_ENUM_CONVERSION = YES;
				CLANG_WARN_INT_CONVERSION = YES;
				CLANG_WARN_OBJC_ROOT_CLASS = YES_ERROR;
				CLANG_WARN_UNREACHABLE_CODE = YES;
				CLANG_WARN__DUPLICATE_METHOD_MATCH = YES;
				"CODE_SIGN_IDENTITY[sdk=iphoneos*]" = "iPhone Developer";
				COPY_PHASE_STRIP = NO;
				DEBUG_INFORMATION_FORMAT = dwarf;
				ENABLE_STRICT_OBJC_MSGSEND = YES;
				ENABLE_TESTABILITY = YES;
				GCC_C_LANGUAGE_STANDARD = gnu99;
				GCC_DYNAMIC_NO_PIC = NO;
				GCC_NO_COMMON_BLOCKS = YES;
				GCC_OPTIMIZATION_LEVEL = 0;
				GCC_PREPROCESSOR_DEFINITIONS = (
					"DEBUG=1",
					"$(inherited)",
				);
				GCC_WARN_64_TO_32_BIT_CONVERSION = YES;
				GCC_WARN_ABOUT_RETURN_TYPE = YES_ERROR;
				GCC_WARN_UNDECLARED_SELECTOR = YES;
				GCC_WARN_UNINITIALIZED_AUTOS = YES_AGGRESSIVE;
				GCC_WARN_UNUSED_FUNCTION = YES;
				GCC_WARN_UNUSED_VARIABLE = YES;
				IPHONEOS_DEPLOYMENT_TARGET = 9.3;
				MTL_ENABLE_DEBUG_INFO = YES;
				ONLY_ACTIVE_ARCH = YES;
				SDKROOT = iphoneos;
			};
			name = Debug;
		};
		968FD8F91E304FD4003A63E6 /* Release */ = {
			isa = XCBuildConfiguration;
			buildSettings = {
				ALWAYS_SEARCH_USER_PATHS = NO;
				CLANG_ANALYZER_NONNULL = YES;
				CLANG_CXX_LANGUAGE_STANDARD = "gnu++0x";
				CLANG_CXX_LIBRARY = "libc++";
				CLANG_ENABLE_MODULES = YES;
				CLANG_ENABLE_OBJC_ARC = YES;
				CLANG_WARN_BOOL_CONVERSION = YES;
				CLANG_WARN_CONSTANT_CONVERSION = YES;
				CLANG_WARN_DIRECT_OBJC_ISA_USAGE = YES_ERROR;
				CLANG_WARN_EMPTY_BODY = YES;
				CLANG_WARN_ENUM_CONVERSION = YES;
				CLANG_WARN_INT_CONVERSION = YES;
				CLANG_WARN_OBJC_ROOT_CLASS = YES_ERROR;
				CLANG_WARN_UNREACHABLE_CODE = YES;
				CLANG_WARN__DUPLICATE_METHOD_MATCH = YES;
				"CODE_SIGN_IDENTITY[sdk=iphoneos*]" = "iPhone Developer";
				COPY_PHASE_STRIP = NO;
				DEBUG_INFORMATION_FORMAT = "dwarf-with-dsym";
				ENABLE_NS_ASSERTIONS = NO;
				ENABLE_STRICT_OBJC_MSGSEND = YES;
				GCC_C_LANGUAGE_STANDARD = gnu99;
				GCC_NO_COMMON_BLOCKS = YES;
				GCC_WARN_64_TO_32_BIT_CONVERSION = YES;
				GCC_WARN_ABOUT_RETURN_TYPE = YES_ERROR;
				GCC_WARN_UNDECLARED_SELECTOR = YES;
				GCC_WARN_UNINITIALIZED_AUTOS = YES_AGGRESSIVE;
				GCC_WARN_UNUSED_FUNCTION = YES;
				GCC_WARN_UNUSED_VARIABLE = YES;
				IPHONEOS_DEPLOYMENT_TARGET = 9.3;
				MTL_ENABLE_DEBUG_INFO = NO;
				SDKROOT = iphoneos;
				VALIDATE_PRODUCT = YES;
			};
			name = Release;
		};
		968FD8FB1E304FD4003A63E6 /* Debug */ = {
			isa = XCBuildConfiguration;
			baseConfigurationReference = C530410C4216DB9BE789A037 /* Pods-FMDBManager.debug.xcconfig */;
			buildSettings = {
				ASSETCATALOG_COMPILER_APPICON_NAME = AppIcon;
				INFOPLIST_FILE = FMDBManager/Info.plist;
				LD_RUNPATH_SEARCH_PATHS = "$(inherited) @executable_path/Frameworks";
				PRODUCT_BUNDLE_IDENTIFIER = com.Jason.qianiqan.FMDBManager;
				PRODUCT_NAME = "$(TARGET_NAME)";
			};
			name = Debug;
		};
		968FD8FC1E304FD4003A63E6 /* Release */ = {
			isa = XCBuildConfiguration;
			baseConfigurationReference = 18687907CD7E3D1145372CDE /* Pods-FMDBManager.release.xcconfig */;
			buildSettings = {
				ASSETCATALOG_COMPILER_APPICON_NAME = AppIcon;
				INFOPLIST_FILE = FMDBManager/Info.plist;
				LD_RUNPATH_SEARCH_PATHS = "$(inherited) @executable_path/Frameworks";
				PRODUCT_BUNDLE_IDENTIFIER = com.Jason.qianiqan.FMDBManager;
				PRODUCT_NAME = "$(TARGET_NAME)";
			};
			name = Release;
		};
/* End XCBuildConfiguration section */

/* Begin XCConfigurationList section */
		968FD8DE1E304FD4003A63E6 /* Build configuration list for PBXProject "FMDBManager" */ = {
			isa = XCConfigurationList;
			buildConfigurations = (
				968FD8F81E304FD4003A63E6 /* Debug */,
				968FD8F91E304FD4003A63E6 /* Release */,
			);
			defaultConfigurationIsVisible = 0;
			defaultConfigurationName = Release;
		};
		968FD8FA1E304FD4003A63E6 /* Build configuration list for PBXNativeTarget "FMDBManager" */ = {
			isa = XCConfigurationList;
			buildConfigurations = (
				968FD8FB1E304FD4003A63E6 /* Debug */,
				968FD8FC1E304FD4003A63E6 /* Release */,
			);
			defaultConfigurationIsVisible = 0;
			defaultConfigurationName = Release;
		};
/* End XCConfigurationList section */
	};
	rootObject = 968FD8DB1E304FD4003A63E6 /* Project object */;
}
